
Microsoft Visual Studio Solution File, Format Version 12.00
# Visual Studio Version 17
VisualStudioVersion = 17.3.32825.248
MinimumVisualStudioVersion = 10.0.40219.1
Project("{8BC9CEB8-8B4A-11D0-8D11-00A0C91BC942}") = "ArraySortPyramidProject", "ArraySortPyramidProject\ArraySortPyramidProject.vcxproj", "{AEBA4054-C29D-4EEB-9554-30629957EB67}"
EndProject
Global
	GlobalSection(SolutionConfigurationPlatforms) = preSolution
		Debug|x64 = Debug|x64
		Debug|x86 = Debug|x86
		Release|x64 = Release|x64
		Release|x86 = Release|x86
	EndGlobalSection
	GlobalSection(ProjectConfigurationPlatforms) = postSolution
		{AEBA4054-C29D-4EEB-9554-30629957EB67}.Debug|x64.ActiveCfg = Debug|x64
		{AEBA4054-C29D-4EEB-9554-30629957EB67}.Debug|x64.Build.0 = Debug|x64
		{AEBA4054-C29D-4EEB-9554-30629957EB67}.Debug|x86.ActiveCfg = Debug|Win32
		{AEBA4054-C29D-4EEB-9554-30629957EB67}.Debug|x86.Build.0 = Debug|Win32
		{AEBA4054-C29D-4EEB-9554-30629957EB67}.Release|x64.ActiveCfg = Release|x64
		{AEBA4054-C29D-4EEB-9554-30629957EB67}.Release|x64.Build.0 = Release|x64
		{AEBA4054-C29D-4EEB-9554-30629957EB67}.Release|x86.ActiveCfg = Release|Win32
		{AEBA4054-C29D-4EEB-9554-30629957EB67}.Release|x86.Build.0 = Release|Win32
	EndGlobalSection
	GlobalSection(SolutionProperties) = preSolution
		HideSolutionNode = FALSE
	EndGlobalSection
	GlobalSection(ExtensibilityGlobals) = postSolution
		SolutionGuid = {1C5BC761-9E8C-40D6-B881-562A36297FEA}
	EndGlobalSection
EndGlobal
